
Microsoft Visual Studio Solution File, Format Version 12.00
# Visual Studio Version 16
VisualStudioVersion = 16.0.29209.152
MinimumVisualStudioVersion = 10.0.40219.1
Project("{9A19103F-16F7-4668-BE54-9A1E7A4F7556}") = "Lingu.Automata.Tests", "Lingu.Automata.Tests\Lingu.Automata.Tests.csproj", "{CB88A32F-5776-4BD3-80AE-0593172F7234}"
EndProject
Project("{2150E333-8FDC-42A3-9474-1A3956D46DE8}") = "Tests", "Tests", "{ADD28E87-7F13-458A-9EE7-B8FAF9032C95}"
EndProject
Project("{9A19103F-16F7-4668-BE54-9A1E7A4F7556}") = "Lingu.Commons.Tests", "Lingu.Commons.Tests\Lingu.Commons.Tests.csproj", "{9118F2AE-F68E-4D5C-AAF0-4D2B80EDD554}"
EndProject
Project("{9A19103F-16F7-4668-BE54-9A1E7A4F7556}") = "Lingu.Grammars.Tests", "Lingu.Grammars.Tests\Lingu.Grammars.Tests.csproj", "{08DC89EC-2910-42C5-B225-FF82C870A7EA}"
EndProject
Project("{9A19103F-16F7-4668-BE54-9A1E7A4F7556}") = "Lingu.Check", "Lingu.Check\Lingu.Check.csproj", "{DF181E97-0375-47D9-A2B8-7EF30E914AB9}"
EndProject
Project("{9A19103F-16F7-4668-BE54-9A1E7A4F7556}") = "Lingu.Earley.Tests", "Lingu.Earley.Tests\Lingu.Earley.Tests.csproj", "{9D5BAAEB-6D05-4412-8E0D-D7648441E3DF}"
EndProject
Project("{9A19103F-16F7-4668-BE54-9A1E7A4F7556}") = "Lingu.Simple.Tests", "Lingu.Simple.Tests\Lingu.Simple.Tests.csproj", "{B6A9E71E-56A8-42E3-9851-733F6FA96AD7}"
EndProject
Project("{9A19103F-16F7-4668-BE54-9A1E7A4F7556}") = "Lingu.Bootstrap", "Lingu.Bootstrap\Lingu.Bootstrap.csproj", "{D53793C8-77ED-478C-A52D-676399702D9B}"
EndProject
Project("{9A19103F-16F7-4668-BE54-9A1E7A4F7556}") = "Mean.Hime.Tweak", "Mean.Hime.Tweak\Mean.Hime.Tweak.csproj", "{1E726BD6-5F42-49D0-8AB0-EB638D58B6F3}"
EndProject
Project("{9A19103F-16F7-4668-BE54-9A1E7A4F7556}") = "Mean.Language", "Mean.Language\Mean.Language.csproj", "{591D1701-0583-47AE-8311-3C34214EDB34}"
EndProject
Project("{9A19103F-16F7-4668-BE54-9A1E7A4F7556}") = "Mean.Language.Tests", "Mean.Language.Tests\Mean.Language.Tests.csproj", "{22B39EB9-A5E6-446D-B9E0-1CAAEF02344B}"
EndProject
Project("{9A19103F-16F7-4668-BE54-9A1E7A4F7556}") = "Mean.Maker", "Mean.Maker\Mean.Maker.csproj", "{B547021C-2DE7-4647-B153-8EDA29188EB3}"
EndProject
Project("{9A19103F-16F7-4668-BE54-9A1E7A4F7556}") = "Mean.Runner", "Mean.Runner\Mean.Runner.csproj", "{8D62165E-6B8C-456F-A0F7-0BB7C9375CA5}"
EndProject
Project("{9A19103F-16F7-4668-BE54-9A1E7A4F7556}") = "Mean.Sources", "Mean.Sources\Mean.Sources.csproj", "{ED659894-EADD-4EBA-9189-C04FA121D4D2}"
EndProject
Project("{9A19103F-16F7-4668-BE54-9A1E7A4F7556}") = "Mean.Tree", "Mean.Tree\Mean.Tree.csproj", "{E2F18829-29CF-48F3-A36C-02ED630F12E0}"
EndProject
Project("{2150E333-8FDC-42A3-9474-1A3956D46DE8}") = "LinguItems", "LinguItems", "{C8A1924F-93B6-440E-A873-82510446E49D}"
	ProjectSection(SolutionItems) = preProject
		.gitignore = .gitignore
		LICENSE = LICENSE
		README.md = README.md
	EndProjectSection
EndProject
Project("{9A19103F-16F7-4668-BE54-9A1E7A4F7556}") = "Lingu.Sdk", "Lingu.Sdk\Lingu.Sdk.csproj", "{7574EC52-90DA-4694-8108-39F3D60791AC}"
EndProject
Project("{9A19103F-16F7-4668-BE54-9A1E7A4F7556}") = "Lingu.Runtime", "Lingu.Runtime\Lingu.Runtime.csproj", "{1CF4EE71-14FD-4356-9E9D-011A4086B141}"
EndProject
Project("{9A19103F-16F7-4668-BE54-9A1E7A4F7556}") = "Lingu.Hime", "Lingu.Hime\Lingu.Hime.csproj", "{2014C1A0-53EA-40CB-829D-315A3BB6090D}"
EndProject
Project("{9A19103F-16F7-4668-BE54-9A1E7A4F7556}") = "LinguCC", "LinguCC\LinguCC.csproj", "{DA62B8AE-4056-4FA2-90B5-AD4EAC592625}"
EndProject
Project("{FAE04EC0-301F-11D3-BF4B-00C04F79EFBC}") = "Lingu.Runtime.Tests", "Lingu.Runtime.Tests\Lingu.Runtime.Tests.csproj", "{51503D13-8686-4D6A-B166-8B3967E61AAE}"
EndProject
Global
	GlobalSection(SolutionConfigurationPlatforms) = preSolution
		Debug|Any CPU = Debug|Any CPU
		Release|Any CPU = Release|Any CPU
	EndGlobalSection
	GlobalSection(ProjectConfigurationPlatforms) = postSolution
		{CB88A32F-5776-4BD3-80AE-0593172F7234}.Debug|Any CPU.ActiveCfg = Debug|Any CPU
		{CB88A32F-5776-4BD3-80AE-0593172F7234}.Debug|Any CPU.Build.0 = Debug|Any CPU
		{CB88A32F-5776-4BD3-80AE-0593172F7234}.Release|Any CPU.ActiveCfg = Release|Any CPU
		{CB88A32F-5776-4BD3-80AE-0593172F7234}.Release|Any CPU.Build.0 = Release|Any CPU
		{9118F2AE-F68E-4D5C-AAF0-4D2B80EDD554}.Debug|Any CPU.ActiveCfg = Debug|Any CPU
		{9118F2AE-F68E-4D5C-AAF0-4D2B80EDD554}.Debug|Any CPU.Build.0 = Debug|Any CPU
		{9118F2AE-F68E-4D5C-AAF0-4D2B80EDD554}.Release|Any CPU.ActiveCfg = Release|Any CPU
		{9118F2AE-F68E-4D5C-AAF0-4D2B80EDD554}.Release|Any CPU.Build.0 = Release|Any CPU
		{08DC89EC-2910-42C5-B225-FF82C870A7EA}.Debug|Any CPU.ActiveCfg = Debug|Any CPU
		{08DC89EC-2910-42C5-B225-FF82C870A7EA}.Debug|Any CPU.Build.0 = Debug|Any CPU
		{08DC89EC-2910-42C5-B225-FF82C870A7EA}.Release|Any CPU.ActiveCfg = Release|Any CPU
		{08DC89EC-2910-42C5-B225-FF82C870A7EA}.Release|Any CPU.Build.0 = Release|Any CPU
		{DF181E97-0375-47D9-A2B8-7EF30E914AB9}.Debug|Any CPU.ActiveCfg = Debug|Any CPU
		{DF181E97-0375-47D9-A2B8-7EF30E914AB9}.Debug|Any CPU.Build.0 = Debug|Any CPU
		{DF181E97-0375-47D9-A2B8-7EF30E914AB9}.Release|Any CPU.ActiveCfg = Release|Any CPU
		{DF181E97-0375-47D9-A2B8-7EF30E914AB9}.Release|Any CPU.Build.0 = Release|Any CPU
		{9D5BAAEB-6D05-4412-8E0D-D7648441E3DF}.Debug|Any CPU.ActiveCfg = Debug|Any CPU
		{9D5BAAEB-6D05-4412-8E0D-D7648441E3DF}.Debug|Any CPU.Build.0 = Debug|Any CPU
		{9D5BAAEB-6D05-4412-8E0D-D7648441E3DF}.Release|Any CPU.ActiveCfg = Release|Any CPU
		{9D5BAAEB-6D05-4412-8E0D-D7648441E3DF}.Release|Any CPU.Build.0 = Release|Any CPU
		{B6A9E71E-56A8-42E3-9851-733F6FA96AD7}.Debug|Any CPU.ActiveCfg = Debug|Any CPU
		{B6A9E71E-56A8-42E3-9851-733F6FA96AD7}.Debug|Any CPU.Build.0 = Debug|Any CPU
		{B6A9E71E-56A8-42E3-9851-733F6FA96AD7}.Release|Any CPU.ActiveCfg = Release|Any CPU
		{B6A9E71E-56A8-42E3-9851-733F6FA96AD7}.Release|Any CPU.Build.0 = Release|Any CPU
		{D53793C8-77ED-478C-A52D-676399702D9B}.Debug|Any CPU.ActiveCfg = Debug|Any CPU
		{D53793C8-77ED-478C-A52D-676399702D9B}.Debug|Any CPU.Build.0 = Debug|Any CPU
		{D53793C8-77ED-478C-A52D-676399702D9B}.Release|Any CPU.ActiveCfg = Release|Any CPU
		{D53793C8-77ED-478C-A52D-676399702D9B}.Release|Any CPU.Build.0 = Release|Any CPU
		{1E726BD6-5F42-49D0-8AB0-EB638D58B6F3}.Debug|Any CPU.ActiveCfg = Debug|Any CPU
		{1E726BD6-5F42-49D0-8AB0-EB638D58B6F3}.Debug|Any CPU.Build.0 = Debug|Any CPU
		{1E726BD6-5F42-49D0-8AB0-EB638D58B6F3}.Release|Any CPU.ActiveCfg = Release|Any CPU
		{1E726BD6-5F42-49D0-8AB0-EB638D58B6F3}.Release|Any CPU.Build.0 = Release|Any CPU
		{591D1701-0583-47AE-8311-3C34214EDB34}.Debug|Any CPU.ActiveCfg = Debug|Any CPU
		{591D1701-0583-47AE-8311-3C34214EDB34}.Debug|Any CPU.Build.0 = Debug|Any CPU
		{591D1701-0583-47AE-8311-3C34214EDB34}.Release|Any CPU.ActiveCfg = Release|Any CPU
		{591D1701-0583-47AE-8311-3C34214EDB34}.Release|Any CPU.Build.0 = Release|Any CPU
		{22B39EB9-A5E6-446D-B9E0-1CAAEF02344B}.Debug|Any CPU.ActiveCfg = Debug|Any CPU
		{22B39EB9-A5E6-446D-B9E0-1CAAEF02344B}.Debug|Any CPU.Build.0 = Debug|Any CPU
		{22B39EB9-A5E6-446D-B9E0-1CAAEF02344B}.Release|Any CPU.ActiveCfg = Release|Any CPU
		{22B39EB9-A5E6-446D-B9E0-1CAAEF02344B}.Release|Any CPU.Build.0 = Release|Any CPU
		{B547021C-2DE7-4647-B153-8EDA29188EB3}.Debug|Any CPU.ActiveCfg = Debug|Any CPU
		{B547021C-2DE7-4647-B153-8EDA29188EB3}.Debug|Any CPU.Build.0 = Debug|Any CPU
		{B547021C-2DE7-4647-B153-8EDA29188EB3}.Release|Any CPU.ActiveCfg = Release|Any CPU
		{B547021C-2DE7-4647-B153-8EDA29188EB3}.Release|Any CPU.Build.0 = Release|Any CPU
		{8D62165E-6B8C-456F-A0F7-0BB7C9375CA5}.Debug|Any CPU.ActiveCfg = Debug|Any CPU
		{8D62165E-6B8C-456F-A0F7-0BB7C9375CA5}.Debug|Any CPU.Build.0 = Debug|Any CPU
		{8D62165E-6B8C-456F-A0F7-0BB7C9375CA5}.Release|Any CPU.ActiveCfg = Release|Any CPU
		{8D62165E-6B8C-456F-A0F7-0BB7C9375CA5}.Release|Any CPU.Build.0 = Release|Any CPU
		{ED659894-EADD-4EBA-9189-C04FA121D4D2}.Debug|Any CPU.ActiveCfg = Debug|Any CPU
		{ED659894-EADD-4EBA-9189-C04FA121D4D2}.Debug|Any CPU.Build.0 = Debug|Any CPU
		{ED659894-EADD-4EBA-9189-C04FA121D4D2}.Release|Any CPU.ActiveCfg = Release|Any CPU
		{ED659894-EADD-4EBA-9189-C04FA121D4D2}.Release|Any CPU.Build.0 = Release|Any CPU
		{E2F18829-29CF-48F3-A36C-02ED630F12E0}.Debug|Any CPU.ActiveCfg = Debug|Any CPU
		{E2F18829-29CF-48F3-A36C-02ED630F12E0}.Debug|Any CPU.Build.0 = Debug|Any CPU
		{E2F18829-29CF-48F3-A36C-02ED630F12E0}.Release|Any CPU.ActiveCfg = Release|Any CPU
		{E2F18829-29CF-48F3-A36C-02ED630F12E0}.Release|Any CPU.Build.0 = Release|Any CPU
		{7574EC52-90DA-4694-8108-39F3D60791AC}.Debug|Any CPU.ActiveCfg = Debug|Any CPU
		{7574EC52-90DA-4694-8108-39F3D60791AC}.Debug|Any CPU.Build.0 = Debug|Any CPU
		{7574EC52-90DA-4694-8108-39F3D60791AC}.Release|Any CPU.ActiveCfg = Release|Any CPU
		{7574EC52-90DA-4694-8108-39F3D60791AC}.Release|Any CPU.Build.0 = Release|Any CPU
		{1CF4EE71-14FD-4356-9E9D-011A4086B141}.Debug|Any CPU.ActiveCfg = Debug|Any CPU
		{1CF4EE71-14FD-4356-9E9D-011A4086B141}.Debug|Any CPU.Build.0 = Debug|Any CPU
		{1CF4EE71-14FD-4356-9E9D-011A4086B141}.Release|Any CPU.ActiveCfg = Release|Any CPU
		{1CF4EE71-14FD-4356-9E9D-011A4086B141}.Release|Any CPU.Build.0 = Release|Any CPU
		{2014C1A0-53EA-40CB-829D-315A3BB6090D}.Debug|Any CPU.ActiveCfg = Debug|Any CPU
		{2014C1A0-53EA-40CB-829D-315A3BB6090D}.Debug|Any CPU.Build.0 = Debug|Any CPU
		{2014C1A0-53EA-40CB-829D-315A3BB6090D}.Release|Any CPU.ActiveCfg = Release|Any CPU
		{2014C1A0-53EA-40CB-829D-315A3BB6090D}.Release|Any CPU.Build.0 = Release|Any CPU
		{DA62B8AE-4056-4FA2-90B5-AD4EAC592625}.Debug|Any CPU.ActiveCfg = Debug|Any CPU
		{DA62B8AE-4056-4FA2-90B5-AD4EAC592625}.Debug|Any CPU.Build.0 = Debug|Any CPU
		{DA62B8AE-4056-4FA2-90B5-AD4EAC592625}.Release|Any CPU.ActiveCfg = Release|Any CPU
		{DA62B8AE-4056-4FA2-90B5-AD4EAC592625}.Release|Any CPU.Build.0 = Release|Any CPU
		{51503D13-8686-4D6A-B166-8B3967E61AAE}.Debug|Any CPU.ActiveCfg = Debug|Any CPU
		{51503D13-8686-4D6A-B166-8B3967E61AAE}.Debug|Any CPU.Build.0 = Debug|Any CPU
		{51503D13-8686-4D6A-B166-8B3967E61AAE}.Release|Any CPU.ActiveCfg = Release|Any CPU
		{51503D13-8686-4D6A-B166-8B3967E61AAE}.Release|Any CPU.Build.0 = Release|Any CPU
	EndGlobalSection
	GlobalSection(SolutionProperties) = preSolution
		HideSolutionNode = FALSE
	EndGlobalSection
	GlobalSection(NestedProjects) = preSolution
		{CB88A32F-5776-4BD3-80AE-0593172F7234} = {ADD28E87-7F13-458A-9EE7-B8FAF9032C95}
		{9118F2AE-F68E-4D5C-AAF0-4D2B80EDD554} = {ADD28E87-7F13-458A-9EE7-B8FAF9032C95}
		{08DC89EC-2910-42C5-B225-FF82C870A7EA} = {ADD28E87-7F13-458A-9EE7-B8FAF9032C95}
		{9D5BAAEB-6D05-4412-8E0D-D7648441E3DF} = {ADD28E87-7F13-458A-9EE7-B8FAF9032C95}
		{B6A9E71E-56A8-42E3-9851-733F6FA96AD7} = {ADD28E87-7F13-458A-9EE7-B8FAF9032C95}
		{22B39EB9-A5E6-446D-B9E0-1CAAEF02344B} = {ADD28E87-7F13-458A-9EE7-B8FAF9032C95}
		{51503D13-8686-4D6A-B166-8B3967E61AAE} = {ADD28E87-7F13-458A-9EE7-B8FAF9032C95}
	EndGlobalSection
	GlobalSection(ExtensibilityGlobals) = postSolution
		SolutionGuid = {D323EA5C-9EC0-4D20-9332-B361BBB76951}
	EndGlobalSection
EndGlobal
