
Microsoft Visual Studio Solution File, Format Version 12.00
# Visual Studio Version 16
VisualStudioVersion = 16.0.29209.152
MinimumVisualStudioVersion = 10.0.40219.1
Project("{2150E333-8FDC-42A3-9474-1A3956D46DE8}") = "Items", "Items", "{C8A1924F-93B6-440E-A873-82510446E49D}"
	ProjectSection(SolutionItems) = preProject
		.gitignore = .gitignore
		LICENSE = LICENSE
		README.md = README.md
	EndProjectSection
EndProject
Project("{9A19103F-16F7-4668-BE54-9A1E7A4F7556}") = "Lipeg.Boot", "Lipeg.Boot\Lipeg.Boot.csproj", "{17FDC87C-F56D-4602-88F2-915B341E9CED}"
EndProject
Project("{9A19103F-16F7-4668-BE54-9A1E7A4F7556}") = "Lipeg.SDK", "Lipeg.SDK\Lipeg.SDK.csproj", "{297A2850-B567-4C0D-BBC6-06E7D4E13C8F}"
EndProject
Project("{9A19103F-16F7-4668-BE54-9A1E7A4F7556}") = "Lipeg.Runtime", "Lipeg.Runtime\Lipeg.Runtime.csproj", "{40D76311-32B2-4EE3-B591-F35F4DB982A6}"
EndProject
Project("{FAE04EC0-301F-11D3-BF4B-00C04F79EFBC}") = "Lpg", "Lpg\Lpg.csproj", "{6C18FCDE-8870-42C6-B8CA-6F571C8E2EE6}"
EndProject
Global
	GlobalSection(SolutionConfigurationPlatforms) = preSolution
		Debug|Any CPU = Debug|Any CPU
		Release|Any CPU = Release|Any CPU
	EndGlobalSection
	GlobalSection(ProjectConfigurationPlatforms) = postSolution
		{17FDC87C-F56D-4602-88F2-915B341E9CED}.Debug|Any CPU.ActiveCfg = Debug|Any CPU
		{17FDC87C-F56D-4602-88F2-915B341E9CED}.Debug|Any CPU.Build.0 = Debug|Any CPU
		{17FDC87C-F56D-4602-88F2-915B341E9CED}.Release|Any CPU.ActiveCfg = Release|Any CPU
		{17FDC87C-F56D-4602-88F2-915B341E9CED}.Release|Any CPU.Build.0 = Release|Any CPU
		{297A2850-B567-4C0D-BBC6-06E7D4E13C8F}.Debug|Any CPU.ActiveCfg = Debug|Any CPU
		{297A2850-B567-4C0D-BBC6-06E7D4E13C8F}.Debug|Any CPU.Build.0 = Debug|Any CPU
		{297A2850-B567-4C0D-BBC6-06E7D4E13C8F}.Release|Any CPU.ActiveCfg = Release|Any CPU
		{297A2850-B567-4C0D-BBC6-06E7D4E13C8F}.Release|Any CPU.Build.0 = Release|Any CPU
		{40D76311-32B2-4EE3-B591-F35F4DB982A6}.Debug|Any CPU.ActiveCfg = Debug|Any CPU
		{40D76311-32B2-4EE3-B591-F35F4DB982A6}.Debug|Any CPU.Build.0 = Debug|Any CPU
		{40D76311-32B2-4EE3-B591-F35F4DB982A6}.Release|Any CPU.ActiveCfg = Release|Any CPU
		{40D76311-32B2-4EE3-B591-F35F4DB982A6}.Release|Any CPU.Build.0 = Release|Any CPU
		{6C18FCDE-8870-42C6-B8CA-6F571C8E2EE6}.Debug|Any CPU.ActiveCfg = Debug|Any CPU
		{6C18FCDE-8870-42C6-B8CA-6F571C8E2EE6}.Debug|Any CPU.Build.0 = Debug|Any CPU
		{6C18FCDE-8870-42C6-B8CA-6F571C8E2EE6}.Release|Any CPU.ActiveCfg = Release|Any CPU
		{6C18FCDE-8870-42C6-B8CA-6F571C8E2EE6}.Release|Any CPU.Build.0 = Release|Any CPU
	EndGlobalSection
	GlobalSection(SolutionProperties) = preSolution
		HideSolutionNode = FALSE
	EndGlobalSection
	GlobalSection(ExtensibilityGlobals) = postSolution
		SolutionGuid = {D323EA5C-9EC0-4D20-9332-B361BBB76951}
	EndGlobalSection
EndGlobal
